
Microsoft Visual Studio Solution File, Format Version 12.00
# Visual Studio 15
VisualStudioVersion = 15.0.28307.271
MinimumVisualStudioVersion = 10.0.40219.1
Project("{FAE04EC0-301F-11D3-BF4B-00C04F79EFBC}") = "CoffeeShopDemo", "CoffeeShopDemo\CoffeeShopDemo.csproj", "{ACBC17CE-00BB-40C8-8B82-BD2F80940991}"
EndProject
Project("{FAE04EC0-301F-11D3-BF4B-00C04F79EFBC}") = "CoffeShopLib", "CoffeShopLib\CoffeShopLib.csproj", "{06FE7994-0958-4F77-8530-12256F306B8B}"
EndProject
Global
	GlobalSection(SolutionConfigurationPlatforms) = preSolution
		Debug|Any CPU = Debug|Any CPU
		Release|Any CPU = Release|Any CPU
	EndGlobalSection
	GlobalSection(ProjectConfigurationPlatforms) = postSolution
		{ACBC17CE-00BB-40C8-8B82-BD2F80940991}.Debug|Any CPU.ActiveCfg = Debug|Any CPU
		{ACBC17CE-00BB-40C8-8B82-BD2F80940991}.Debug|Any CPU.Build.0 = Debug|Any CPU
		{ACBC17CE-00BB-40C8-8B82-BD2F80940991}.Release|Any CPU.ActiveCfg = Release|Any CPU
		{ACBC17CE-00BB-40C8-8B82-BD2F80940991}.Release|Any CPU.Build.0 = Release|Any CPU
		{06FE7994-0958-4F77-8530-12256F306B8B}.Debug|Any CPU.ActiveCfg = Debug|Any CPU
		{06FE7994-0958-4F77-8530-12256F306B8B}.Debug|Any CPU.Build.0 = Debug|Any CPU
		{06FE7994-0958-4F77-8530-12256F306B8B}.Release|Any CPU.ActiveCfg = Release|Any CPU
		{06FE7994-0958-4F77-8530-12256F306B8B}.Release|Any CPU.Build.0 = Release|Any CPU
	EndGlobalSection
	GlobalSection(SolutionProperties) = preSolution
		HideSolutionNode = FALSE
	EndGlobalSection
	GlobalSection(ExtensibilityGlobals) = postSolution
		SolutionGuid = {574C903A-7014-4F2B-8F10-C5C2381D83DC}
	EndGlobalSection
EndGlobal
